
Microsoft Visual Studio Solution File, Format Version 12.00
Project("{FAE04EC0-301F-11D3-BF4B-00C04F79EFBC}") = "AudioSnapServer", "AudioSnapServer.csproj", "{EACCA795-2501-4E41-BEC6-6A8DB2BC8694}"
EndProject
Global
	GlobalSection(SolutionConfigurationPlatforms) = preSolution
		Debug|Any CPU = Debug|Any CPU
		Release|Any CPU = Release|Any CPU
	EndGlobalSection
	GlobalSection(ProjectConfigurationPlatforms) = postSolution
		{EACCA795-2501-4E41-BEC6-6A8DB2BC8694}.Debug|Any CPU.ActiveCfg = Debug|Any CPU
		{EACCA795-2501-4E41-BEC6-6A8DB2BC8694}.Debug|Any CPU.Build.0 = Debug|Any CPU
		{EACCA795-2501-4E41-BEC6-6A8DB2BC8694}.Release|Any CPU.ActiveCfg = Release|Any CPU
		{EACCA795-2501-4E41-BEC6-6A8DB2BC8694}.Release|Any CPU.Build.0 = Release|Any CPU
	EndGlobalSection
EndGlobal
